// !$*UTF8*$!
{
	archiveVersion = 1;
	classes = {
	};
	objectVersion = 50;
	objects = {

/* Begin PBXBuildFile section */
		BB7F5AFC20FF34F1005C8833 /* AppDelegate.swift in Sources */ = {isa = PBXBuildFile; fileRef = BB7F5AFB20FF34F1005C8833 /* AppDelegate.swift */; };
		BB7F5AFE20FF34F1005C8833 /* ViewController.swift in Sources */ = {isa = PBXBuildFile; fileRef = BB7F5AFD20FF34F1005C8833 /* ViewController.swift */; };
		BB7F5B0120FF34F1005C8833 /* Main.storyboard in Resources */ = {isa = PBXBuildFile; fileRef = BB7F5AFF20FF34F1005C8833 /* Main.storyboard */; };
		BB7F5B0320FF34F3005C8833 /* Assets.xcassets in Resources */ = {isa = PBXBuildFile; fileRef = BB7F5B0220FF34F3005C8833 /* Assets.xcassets */; };
		BB7F5B0620FF34F3005C8833 /* LaunchScreen.storyboard in Resources */ = {isa = PBXBuildFile; fileRef = BB7F5B0420FF34F3005C8833 /* LaunchScreen.storyboard */; };
		BB7F5B1120FF34F3005C8833 /* PharamgraphAppTests.swift in Sources */ = {isa = PBXBuildFile; fileRef = BB7F5B1020FF34F3005C8833 /* PharamgraphAppTests.swift */; };
		BB7F5B1C20FF34F3005C8833 /* PharamgraphAppUITests.swift in Sources */ = {isa = PBXBuildFile; fileRef = BB7F5B1B20FF34F3005C8833 /* PharamgraphAppUITests.swift */; };
/* End PBXBuildFile section */

/* Begin PBXContainerItemProxy section */
		BB7F5B0D20FF34F3005C8833 /* PBXContainerItemProxy */ = {
			isa = PBXContainerItemProxy;
			containerPortal = BB7F5AF020FF34F1005C8833 /* Project object */;
			proxyType = 1;
			remoteGlobalIDString = BB7F5AF720FF34F1005C8833;
			remoteInfo = PharamgraphApp;
		};
		BB7F5B1820FF34F3005C8833 /* PBXContainerItemProxy */ = {
			isa = PBXContainerItemProxy;
			containerPortal = BB7F5AF020FF34F1005C8833 /* Project object */;
			proxyType = 1;
			remoteGlobalIDString = BB7F5AF720FF34F1005C8833;
			remoteInfo = PharamgraphApp;
		};
/* End PBXContainerItemProxy section */

/* Begin PBXFileReference section */
		BB7F5AF820FF34F1005C8833 /* PharamgraphApp.app */ = {isa = PBXFileReference; explicitFileType = wrapper.application; includeInIndex = 0; path = PharamgraphApp.app; sourceTree = BUILT_PRODUCTS_DIR; };
		BB7F5AFB20FF34F1005C8833 /* AppDelegate.swift */ = {isa = PBXFileReference; lastKnownFileType = sourcecode.swift; path = AppDelegate.swift; sourceTree = "<group>"; };
		BB7F5AFD20FF34F1005C8833 /* ViewController.swift */ = {isa = PBXFileReference; lastKnownFileType = sourcecode.swift; path = ViewController.swift; sourceTree = "<group>"; };
		BB7F5B0020FF34F1005C8833 /* Base */ = {isa = PBXFileReference; lastKnownFileType = file.storyboard; name = Base; path = Base.lproj/Main.storyboard; sourceTree = "<group>"; };
		BB7F5B0220FF34F3005C8833 /* Assets.xcassets */ = {isa = PBXFileReference; lastKnownFileType = folder.assetcatalog; path = Assets.xcassets; sourceTree = "<group>"; };
		BB7F5B0520FF34F3005C8833 /* Base */ = {isa = PBXFileReference; lastKnownFileType = file.storyboard; name = Base; path = Base.lproj/LaunchScreen.storyboard; sourceTree = "<group>"; };
		BB7F5B0720FF34F3005C8833 /* Info.plist */ = {isa = PBXFileReference; lastKnownFileType = text.plist.xml; path = Info.plist; sourceTree = "<group>"; };
		BB7F5B0C20FF34F3005C8833 /* PharamgraphAppTests.xctest */ = {isa = PBXFileReference; explicitFileType = wrapper.cfbundle; includeInIndex = 0; path = PharamgraphAppTests.xctest; sourceTree = BUILT_PRODUCTS_DIR; };
		BB7F5B1020FF34F3005C8833 /* PharamgraphAppTests.swift */ = {isa = PBXFileReference; lastKnownFileType = sourcecode.swift; path = PharamgraphAppTests.swift; sourceTree = "<group>"; };
		BB7F5B1220FF34F3005C8833 /* Info.plist */ = {isa = PBXFileReference; lastKnownFileType = text.plist.xml; path = Info.plist; sourceTree = "<group>"; };
		BB7F5B1720FF34F3005C8833 /* PharamgraphAppUITests.xctest */ = {isa = PBXFileReference; explicitFileType = wrapper.cfbundle; includeInIndex = 0; path = PharamgraphAppUITests.xctest; sourceTree = BUILT_PRODUCTS_DIR; };
		BB7F5B1B20FF34F3005C8833 /* PharamgraphAppUITests.swift */ = {isa = PBXFileReference; lastKnownFileType = sourcecode.swift; path = PharamgraphAppUITests.swift; sourceTree = "<group>"; };
		BB7F5B1D20FF34F3005C8833 /* Info.plist */ = {isa = PBXFileReference; lastKnownFileType = text.plist.xml; path = Info.plist; sourceTree = "<group>"; };
/* End PBXFileReference section */

/* Begin PBXFrameworksBuildPhase section */
		BB7F5AF520FF34F1005C8833 /* Frameworks */ = {
			isa = PBXFrameworksBuildPhase;
			buildActionMask = 2147483647;
			files = (
			);
			runOnlyForDeploymentPostprocessing = 0;
		};
		BB7F5B0920FF34F3005C8833 /* Frameworks */ = {
			isa = PBXFrameworksBuildPhase;
			buildActionMask = 2147483647;
			files = (
			);
			runOnlyForDeploymentPostprocessing = 0;
		};
		BB7F5B1420FF34F3005C8833 /* Frameworks */ = {
			isa = PBXFrameworksBuildPhase;
			buildActionMask = 2147483647;
			files = (
			);
			runOnlyForDeploymentPostprocessing = 0;
		};
/* End PBXFrameworksBuildPhase section */

/* Begin PBXGroup section */
		BB7F5AEF20FF34F1005C8833 = {
			isa = PBXGroup;
			children = (
				BB7F5AFA20FF34F1005C8833 /* PharamgraphApp */,
				BB7F5B0F20FF34F3005C8833 /* PharamgraphAppTests */,
				BB7F5B1A20FF34F3005C8833 /* PharamgraphAppUITests */,
				BB7F5AF920FF34F1005C8833 /* Products */,
			);
			sourceTree = "<group>";
		};
		BB7F5AF920FF34F1005C8833 /* Products */ = {
			isa = PBXGroup;
			children = (
				BB7F5AF820FF34F1005C8833 /* PharamgraphApp.app */,
				BB7F5B0C20FF34F3005C8833 /* PharamgraphAppTests.xctest */,
				BB7F5B1720FF34F3005C8833 /* PharamgraphAppUITests.xctest */,
			);
			name = Products;
			sourceTree = "<group>";
		};
		BB7F5AFA20FF34F1005C8833 /* PharamgraphApp */ = {
			isa = PBXGroup;
			children = (
				BB7F5AFB20FF34F1005C8833 /* AppDelegate.swift */,
				BB7F5AFD20FF34F1005C8833 /* ViewController.swift */,
				BB7F5AFF20FF34F1005C8833 /* Main.storyboard */,
				BB7F5B0220FF34F3005C8833 /* Assets.xcassets */,
				BB7F5B0420FF34F3005C8833 /* LaunchScreen.storyboard */,
				BB7F5B0720FF34F3005C8833 /* Info.plist */,
			);
			path = PharamgraphApp;
			sourceTree = "<group>";
		};
		BB7F5B0F20FF34F3005C8833 /* PharamgraphAppTests */ = {
			isa = PBXGroup;
			children = (
				BB7F5B1020FF34F3005C8833 /* PharamgraphAppTests.swift */,
				BB7F5B1220FF34F3005C8833 /* Info.plist */,
			);
			path = PharamgraphAppTests;
			sourceTree = "<group>";
		};
		BB7F5B1A20FF34F3005C8833 /* PharamgraphAppUITests */ = {
			isa = PBXGroup;
			children = (
				BB7F5B1B20FF34F3005C8833 /* PharamgraphAppUITests.swift */,
				BB7F5B1D20FF34F3005C8833 /* Info.plist */,
			);
			path = PharamgraphAppUITests;
			sourceTree = "<group>";
		};
/* End PBXGroup section */

/* Begin PBXNativeTarget section */
		BB7F5AF720FF34F1005C8833 /* PharamgraphApp */ = {
			isa = PBXNativeTarget;
			buildConfigurationList = BB7F5B2020FF34F3005C8833 /* Build configuration list for PBXNativeTarget "PharamgraphApp" */;
			buildPhases = (
				BB7F5AF420FF34F1005C8833 /* Sources */,
				BB7F5AF520FF34F1005C8833 /* Frameworks */,
				BB7F5AF620FF34F1005C8833 /* Resources */,
			);
			buildRules = (
			);
			dependencies = (
			);
			name = PharamgraphApp;
			productName = PharamgraphApp;
			productReference = BB7F5AF820FF34F1005C8833 /* PharamgraphApp.app */;
			productType = "com.apple.product-type.application";
		};
		BB7F5B0B20FF34F3005C8833 /* PharamgraphAppTests */ = {
			isa = PBXNativeTarget;
			buildConfigurationList = BB7F5B2320FF34F3005C8833 /* Build configuration list for PBXNativeTarget "PharamgraphAppTests" */;
			buildPhases = (
				BB7F5B0820FF34F3005C8833 /* Sources */,
				BB7F5B0920FF34F3005C8833 /* Frameworks */,
				BB7F5B0A20FF34F3005C8833 /* Resources */,
			);
			buildRules = (
			);
			dependencies = (
				BB7F5B0E20FF34F3005C8833 /* PBXTargetDependency */,
			);
			name = PharamgraphAppTests;
			productName = PharamgraphAppTests;
			productReference = BB7F5B0C20FF34F3005C8833 /* PharamgraphAppTests.xctest */;
			productType = "com.apple.product-type.bundle.unit-test";
		};
		BB7F5B1620FF34F3005C8833 /* PharamgraphAppUITests */ = {
			isa = PBXNativeTarget;
			buildConfigurationList = BB7F5B2620FF34F3005C8833 /* Build configuration list for PBXNativeTarget "PharamgraphAppUITests" */;
			buildPhases = (
				BB7F5B1320FF34F3005C8833 /* Sources */,
				BB7F5B1420FF34F3005C8833 /* Frameworks */,
				BB7F5B1520FF34F3005C8833 /* Resources */,
			);
			buildRules = (
			);
			dependencies = (
				BB7F5B1920FF34F3005C8833 /* PBXTargetDependency */,
			);
			name = PharamgraphAppUITests;
			productName = PharamgraphAppUITests;
			productReference = BB7F5B1720FF34F3005C8833 /* PharamgraphAppUITests.xctest */;
			productType = "com.apple.product-type.bundle.ui-testing";
		};
/* End PBXNativeTarget section */

/* Begin PBXProject section */
		BB7F5AF020FF34F1005C8833 /* Project object */ = {
			isa = PBXProject;
			attributes = {
				LastSwiftUpdateCheck = 0940;
				LastUpgradeCheck = 0940;
				ORGANIZATIONNAME = "Cameron McWilliam";
				TargetAttributes = {
					BB7F5AF720FF34F1005C8833 = {
						CreatedOnToolsVersion = 9.4.1;
					};
					BB7F5B0B20FF34F3005C8833 = {
						CreatedOnToolsVersion = 9.4.1;
						TestTargetID = BB7F5AF720FF34F1005C8833;
					};
					BB7F5B1620FF34F3005C8833 = {
						CreatedOnToolsVersion = 9.4.1;
						TestTargetID = BB7F5AF720FF34F1005C8833;
					};
				};
			};
			buildConfigurationList = BB7F5AF320FF34F1005C8833 /* Build configuration list for PBXProject "PharamgraphApp" */;
			compatibilityVersion = "Xcode 9.3";
			developmentRegion = en;
			hasScannedForEncodings = 0;
			knownRegions = (
				en,
				Base,
			);
			mainGroup = BB7F5AEF20FF34F1005C8833;
			productRefGroup = BB7F5AF920FF34F1005C8833 /* Products */;
			projectDirPath = "";
			projectRoot = "";
			targets = (
				BB7F5AF720FF34F1005C8833 /* PharamgraphApp */,
				BB7F5B0B20FF34F3005C8833 /* PharamgraphAppTests */,
				BB7F5B1620FF34F3005C8833 /* PharamgraphAppUITests */,
			);
		};
/* End PBXProject section */

/* Begin PBXResourcesBuildPhase section */
		BB7F5AF620FF34F1005C8833 /* Resources */ = {
			isa = PBXResourcesBuildPhase;
			buildActionMask = 2147483647;
			files = (
				BB7F5B0620FF34F3005C8833 /* LaunchScreen.storyboard in Resources */,
				BB7F5B0320FF34F3005C8833 /* Assets.xcassets in Resources */,
				BB7F5B0120FF34F1005C8833 /* Main.storyboard in Resources */,
			);
			runOnlyForDeploymentPostprocessing = 0;
		};
		BB7F5B0A20FF34F3005C8833 /* Resources */ = {
			isa = PBXResourcesBuildPhase;
			buildActionMask = 2147483647;
			files = (
			);
			runOnlyForDeploymentPostprocessing = 0;
		};
		BB7F5B1520FF34F3005C8833 /* Resources */ = {
			isa = PBXResourcesBuildPhase;
			buildActionMask = 2147483647;
			files = (
			);
			runOnlyForDeploymentPostprocessing = 0;
		};
/* End PBXResourcesBuildPhase section */

/* Begin PBXSourcesBuildPhase section */
		BB7F5AF420FF34F1005C8833 /* Sources */ = {
			isa = PBXSourcesBuildPhase;
			buildActionMask = 2147483647;
			files = (
				BB7F5AFE20FF34F1005C8833 /* ViewController.swift in Sources */,
				BB7F5AFC20FF34F1005C8833 /* AppDelegate.swift in Sources */,
			);
			runOnlyForDeploymentPostprocessing = 0;
		};
		BB7F5B0820FF34F3005C8833 /* Sources */ = {
			isa = PBXSourcesBuildPhase;
			buildActionMask = 2147483647;
			files = (
				BB7F5B1120FF34F3005C8833 /* PharamgraphAppTests.swift in Sources */,
			);
			runOnlyForDeploymentPostprocessing = 0;
		};
		BB7F5B1320FF34F3005C8833 /* Sources */ = {
			isa = PBXSourcesBuildPhase;
			buildActionMask = 2147483647;
			files = (
				BB7F5B1C20FF34F3005C8833 /* PharamgraphAppUITests.swift in Sources */,
			);
			runOnlyForDeploymentPostprocessing = 0;
		};
/* End PBXSourcesBuildPhase section */

/* Begin PBXTargetDependency section */
		BB7F5B0E20FF34F3005C8833 /* PBXTargetDependency */ = {
			isa = PBXTargetDependency;
			target = BB7F5AF720FF34F1005C8833 /* PharamgraphApp */;
			targetProxy = BB7F5B0D20FF34F3005C8833 /* PBXContainerItemProxy */;
		};
		BB7F5B1920FF34F3005C8833 /* PBXTargetDependency */ = {
			isa = PBXTargetDependency;
			target = BB7F5AF720FF34F1005C8833 /* PharamgraphApp */;
			targetProxy = BB7F5B1820FF34F3005C8833 /* PBXContainerItemProxy */;
		};
/* End PBXTargetDependency section */

/* Begin PBXVariantGroup section */
		BB7F5AFF20FF34F1005C8833 /* Main.storyboard */ = {
			isa = PBXVariantGroup;
			children = (
				BB7F5B0020FF34F1005C8833 /* Base */,
			);
			name = Main.storyboard;
			sourceTree = "<group>";
		};
		BB7F5B0420FF34F3005C8833 /* LaunchScreen.storyboard */ = {
			isa = PBXVariantGroup;
			children = (
				BB7F5B0520FF34F3005C8833 /* Base */,
			);
			name = LaunchScreen.storyboard;
			sourceTree = "<group>";
		};
/* End PBXVariantGroup section */

/* Begin XCBuildConfiguration section */
		BB7F5B1E20FF34F3005C8833 /* Debug */ = {
			isa = XCBuildConfiguration;
			buildSettings = {
				ALWAYS_SEARCH_USER_PATHS = NO;
				CLANG_ANALYZER_NONNULL = YES;
				CLANG_ANALYZER_NUMBER_OBJECT_CONVERSION = YES_AGGRESSIVE;
				CLANG_CXX_LANGUAGE_STANDARD = "gnu++14";
				CLANG_CXX_LIBRARY = "libc++";
				CLANG_ENABLE_MODULES = YES;
				CLANG_ENABLE_OBJC_ARC = YES;
				CLANG_ENABLE_OBJC_WEAK = YES;
				CLANG_WARN_BLOCK_CAPTURE_AUTORELEASING = YES;
				CLANG_WARN_BOOL_CONVERSION = YES;
				CLANG_WARN_COMMA = YES;
				CLANG_WARN_CONSTANT_CONVERSION = YES;
				CLANG_WARN_DEPRECATED_OBJC_IMPLEMENTATIONS = YES;
				CLANG_WARN_DIRECT_OBJC_ISA_USAGE = YES_ERROR;
				CLANG_WARN_DOCUMENTATION_COMMENTS = YES;
				CLANG_WARN_EMPTY_BODY = YES;
				CLANG_WARN_ENUM_CONVERSION = YES;
				CLANG_WARN_INFINITE_RECURSION = YES;
				CLANG_WARN_INT_CONVERSION = YES;
				CLANG_WARN_NON_LITERAL_NULL_CONVERSION = YES;
				CLANG_WARN_OBJC_IMPLICIT_RETAIN_SELF = YES;
				CLANG_WARN_OBJC_LITERAL_CONVERSION = YES;
				CLANG_WARN_OBJC_ROOT_CLASS = YES_ERROR;
				CLANG_WARN_RANGE_LOOP_ANALYSIS = YES;
				CLANG_WARN_STRICT_PROTOTYPES = YES;
				CLANG_WARN_SUSPICIOUS_MOVE = YES;
				CLANG_WARN_UNGUARDED_AVAILABILITY = YES_AGGRESSIVE;
				CLANG_WARN_UNREACHABLE_CODE = YES;
				CLANG_WARN__DUPLICATE_METHOD_MATCH = YES;
				CODE_SIGN_IDENTITY = "iPhone Developer";
				COPY_PHASE_STRIP = NO;
				DEBUG_INFORMATION_FORMAT = dwarf;
				ENABLE_STRICT_OBJC_MSGSEND = YES;
				ENABLE_TESTABILITY = YES;
				GCC_C_LANGUAGE_STANDARD = gnu11;
				GCC_DYNAMIC_NO_PIC = NO;
				GCC_NO_COMMON_BLOCKS = YES;
				GCC_OPTIMIZATION_LEVEL = 0;
				GCC_PREPROCESSOR_DEFINITIONS = (
					"DEBUG=1",
					"$(inherited)",
				);
				GCC_WARN_64_TO_32_BIT_CONVERSION = YES;
				GCC_WARN_ABOUT_RETURN_TYPE = YES_ERROR;
				GCC_WARN_UNDECLARED_SELECTOR = YES;
				GCC_WARN_UNINITIALIZED_AUTOS = YES_AGGRESSIVE;
				GCC_WARN_UNUSED_FUNCTION = YES;
				GCC_WARN_UNUSED_VARIABLE = YES;
				IPHONEOS_DEPLOYMENT_TARGET = 11.4;
				MTL_ENABLE_DEBUG_INFO = YES;
				ONLY_ACTIVE_ARCH = YES;
				SDKROOT = iphoneos;
				SWIFT_ACTIVE_COMPILATION_CONDITIONS = DEBUG;
				SWIFT_OPTIMIZATION_LEVEL = "-Onone";
			};
			name = Debug;
		};
		BB7F5B1F20FF34F3005C8833 /* Release */ = {
			isa = XCBuildConfiguration;
			buildSettings = {
				ALWAYS_SEARCH_USER_PATHS = NO;
				CLANG_ANALYZER_NONNULL = YES;
				CLANG_ANALYZER_NUMBER_OBJECT_CONVERSION = YES_AGGRESSIVE;
				CLANG_CXX_LANGUAGE_STANDARD = "gnu++14";
				CLANG_CXX_LIBRARY = "libc++";
				CLANG_ENABLE_MODULES = YES;
				CLANG_ENABLE_OBJC_ARC = YES;
				CLANG_ENABLE_OBJC_WEAK = YES;
				CLANG_WARN_BLOCK_CAPTURE_AUTORELEASING = YES;
				CLANG_WARN_BOOL_CONVERSION = YES;
				CLANG_WARN_COMMA = YES;
				CLANG_WARN_CONSTANT_CONVERSION = YES;
				CLANG_WARN_DEPRECATED_OBJC_IMPLEMENTATIONS = YES;
				CLANG_WARN_DIRECT_OBJC_ISA_USAGE = YES_ERROR;
				CLANG_WARN_DOCUMENTATION_COMMENTS = YES;
				CLANG_WARN_EMPTY_BODY = YES;
				CLANG_WARN_ENUM_CONVERSION = YES;
				CLANG_WARN_INFINITE_RECURSION = YES;
				CLANG_WARN_INT_CONVERSION = YES;
				CLANG_WARN_NON_LITERAL_NULL_CONVERSION = YES;
				CLANG_WARN_OBJC_IMPLICIT_RETAIN_SELF = YES;
				CLANG_WARN_OBJC_LITERAL_CONVERSION = YES;
				CLANG_WARN_OBJC_ROOT_CLASS = YES_ERROR;
				CLANG_WARN_RANGE_LOOP_ANALYSIS = YES;
				CLANG_WARN_STRICT_PROTOTYPES = YES;
				CLANG_WARN_SUSPICIOUS_MOVE = YES;
				CLANG_WARN_UNGUARDED_AVAILABILITY = YES_AGGRESSIVE;
				CLANG_WARN_UNREACHABLE_CODE = YES;
				CLANG_WARN__DUPLICATE_METHOD_MATCH = YES;
				CODE_SIGN_IDENTITY = "iPhone Developer";
				COPY_PHASE_STRIP = NO;
				DEBUG_INFORMATION_FORMAT = "dwarf-with-dsym";
				ENABLE_NS_ASSERTIONS = NO;
				ENABLE_STRICT_OBJC_MSGSEND = YES;
				GCC_C_LANGUAGE_STANDARD = gnu11;
				GCC_NO_COMMON_BLOCKS = YES;
				GCC_WARN_64_TO_32_BIT_CONVERSION = YES;
				GCC_WARN_ABOUT_RETURN_TYPE = YES_ERROR;
				GCC_WARN_UNDECLARED_SELECTOR = YES;
				GCC_WARN_UNINITIALIZED_AUTOS = YES_AGGRESSIVE;
				GCC_WARN_UNUSED_FUNCTION = YES;
				GCC_WARN_UNUSED_VARIABLE = YES;
				IPHONEOS_DEPLOYMENT_TARGET = 11.4;
				MTL_ENABLE_DEBUG_INFO = NO;
				SDKROOT = iphoneos;
				SWIFT_COMPILATION_MODE = wholemodule;
				SWIFT_OPTIMIZATION_LEVEL = "-O";
				VALIDATE_PRODUCT = YES;
			};
			name = Release;
		};
		BB7F5B2120FF34F3005C8833 /* Debug */ = {
			isa = XCBuildConfiguration;
			buildSettings = {
				ASSETCATALOG_COMPILER_APPICON_NAME = AppIcon;
				CODE_SIGN_STYLE = Automatic;
				INFOPLIST_FILE = PharamgraphApp/Info.plist;
				LD_RUNPATH_SEARCH_PATHS = (
					"$(inherited)",
					"@executable_path/Frameworks",
				);
				PRODUCT_BUNDLE_IDENTIFIER = Pharmagraph.PharamgraphApp;
				PRODUCT_NAME = "$(TARGET_NAME)";
				SWIFT_VERSION = 4.0;
				TARGETED_DEVICE_FAMILY = "1,2";
			};
			name = Debug;
		};
		BB7F5B2220FF34F3005C8833 /* Release */ = {
			isa = XCBuildConfiguration;
			buildSettings = {
				ASSETCATALOG_COMPILER_APPICON_NAME = AppIcon;
				CODE_SIGN_STYLE = Automatic;
				INFOPLIST_FILE = PharamgraphApp/Info.plist;
				LD_RUNPATH_SEARCH_PATHS = (
					"$(inherited)",
					"@executable_path/Frameworks",
				);
				PRODUCT_BUNDLE_IDENTIFIER = Pharmagraph.PharamgraphApp;
				PRODUCT_NAME = "$(TARGET_NAME)";
				SWIFT_VERSION = 4.0;
				TARGETED_DEVICE_FAMILY = "1,2";
			};
			name = Release;
		};
		BB7F5B2420FF34F3005C8833 /* Debug */ = {
			isa = XCBuildConfiguration;
			buildSettings = {
				ALWAYS_EMBED_SWIFT_STANDARD_LIBRARIES = YES;
				BUNDLE_LOADER = "$(TEST_HOST)";
				CODE_SIGN_STYLE = Automatic;
				INFOPLIST_FILE = PharamgraphAppTests/Info.plist;
				LD_RUNPATH_SEARCH_PATHS = (
					"$(inherited)",
					"@executable_path/Frameworks",
					"@loader_path/Frameworks",
				);
				PRODUCT_BUNDLE_IDENTIFIER = Pharmagraph.PharamgraphAppTests;
				PRODUCT_NAME = "$(TARGET_NAME)";
				SWIFT_VERSION = 4.0;
				TARGETED_DEVICE_FAMILY = "1,2";
				TEST_HOST = "$(BUILT_PRODUCTS_DIR)/PharamgraphApp.app/PharamgraphApp";
			};
			name = Debug;
		};
		BB7F5B2520FF34F3005C8833 /* Release */ = {
			isa = XCBuildConfiguration;
			buildSettings = {
				ALWAYS_EMBED_SWIFT_STANDARD_LIBRARIES = YES;
				BUNDLE_LOADER = "$(TEST_HOST)";
				CODE_SIGN_STYLE = Automatic;
				INFOPLIST_FILE = PharamgraphAppTests/Info.plist;
				LD_RUNPATH_SEARCH_PATHS = (
					"$(inherited)",
					"@executable_path/Frameworks",
					"@loader_path/Frameworks",
				);
				PRODUCT_BUNDLE_IDENTIFIER = Pharmagraph.PharamgraphAppTests;
				PRODUCT_NAME = "$(TARGET_NAME)";
				SWIFT_VERSION = 4.0;
				TARGETED_DEVICE_FAMILY = "1,2";
				TEST_HOST = "$(BUILT_PRODUCTS_DIR)/PharamgraphApp.app/PharamgraphApp";
			};
			name = Release;
		};
		BB7F5B2720FF34F3005C8833 /* Debug */ = {
			isa = XCBuildConfiguration;
			buildSettings = {
				ALWAYS_EMBED_SWIFT_STANDARD_LIBRARIES = YES;
				CODE_SIGN_STYLE = Automatic;
				INFOPLIST_FILE = PharamgraphAppUITests/Info.plist;
				LD_RUNPATH_SEARCH_PATHS = (
					"$(inherited)",
					"@executable_path/Frameworks",
					"@loader_path/Frameworks",
				);
				PRODUCT_BUNDLE_IDENTIFIER = Pharmagraph.PharamgraphAppUITests;
				PRODUCT_NAME = "$(TARGET_NAME)";
				SWIFT_VERSION = 4.0;
				TARGETED_DEVICE_FAMILY = "1,2";
				TEST_TARGET_NAME = PharamgraphApp;
			};
			name = Debug;
		};
		BB7F5B2820FF34F3005C8833 /* Release */ = {
			isa = XCBuildConfiguration;
			buildSettings = {
				ALWAYS_EMBED_SWIFT_STANDARD_LIBRARIES = YES;
				CODE_SIGN_STYLE = Automatic;
				INFOPLIST_FILE = PharamgraphAppUITests/Info.plist;
				LD_RUNPATH_SEARCH_PATHS = (
					"$(inherited)",
					"@executable_path/Frameworks",
					"@loader_path/Frameworks",
				);
				PRODUCT_BUNDLE_IDENTIFIER = Pharmagraph.PharamgraphAppUITests;
				PRODUCT_NAME = "$(TARGET_NAME)";
				SWIFT_VERSION = 4.0;
				TARGETED_DEVICE_FAMILY = "1,2";
				TEST_TARGET_NAME = PharamgraphApp;
			};
			name = Release;
		};
/* End XCBuildConfiguration section */

/* Begin XCConfigurationList section */
		BB7F5AF320FF34F1005C8833 /* Build configuration list for PBXProject "PharamgraphApp" */ = {
			isa = XCConfigurationList;
			buildConfigurations = (
				BB7F5B1E20FF34F3005C8833 /* Debug */,
				BB7F5B1F20FF34F3005C8833 /* Release */,
			);
			defaultConfigurationIsVisible = 0;
			defaultConfigurationName = Release;
		};
		BB7F5B2020FF34F3005C8833 /* Build configuration list for PBXNativeTarget "PharamgraphApp" */ = {
			isa = XCConfigurationList;
			buildConfigurations = (
				BB7F5B2120FF34F3005C8833 /* Debug */,
				BB7F5B2220FF34F3005C8833 /* Release */,
			);
			defaultConfigurationIsVisible = 0;
			defaultConfigurationName = Release;
		};
		BB7F5B2320FF34F3005C8833 /* Build configuration list for PBXNativeTarget "PharamgraphAppTests" */ = {
			isa = XCConfigurationList;
			buildConfigurations = (
				BB7F5B2420FF34F3005C8833 /* Debug */,
				BB7F5B2520FF34F3005C8833 /* Release */,
			);
			defaultConfigurationIsVisible = 0;
			defaultConfigurationName = Release;
		};
		BB7F5B2620FF34F3005C8833 /* Build configuration list for PBXNativeTarget "PharamgraphAppUITests" */ = {
			isa = XCConfigurationList;
			buildConfigurations = (
				BB7F5B2720FF34F3005C8833 /* Debug */,
				BB7F5B2820FF34F3005C8833 /* Release */,
			);
			defaultConfigurationIsVisible = 0;
			defaultConfigurationName = Release;
		};
/* End XCConfigurationList section */
	};
	rootObject = BB7F5AF020FF34F1005C8833 /* Project object */;
}
